{
  "requires": true,
  "lockfileVersion": 1,
  "dependencies": {
    "extend-shallow": {
      "version": "2.0.1",
      "resolved": "https://registry.npmjs.org/extend-shallow/-/extend-shallow-2.0.1.tgz",
      "integrity": "sha1-Ua99YUrZqfYQ6huvu5idaxxWiQ8=",
      "requires": {
        "is-extendable": "^0.1.0"
      }
    },
    "fs-exists-sync": {
      "version": "0.1.0",
      "resolved": "https://registry.npmjs.org/fs-exists-sync/-/fs-exists-sync-0.1.0.tgz",
      "integrity": "sha1-mC1ok6+RjnLQjeyehnP/K1qNat0="
    },
    "git-config-path": {
      "version": "1.0.1",
      "resolved": "https://registry.npmjs.org/git-config-path/-/git-config-path-1.0.1.tgz",
      "integrity": "sha1-bTP37WPbDQ4RgTFQO6s6ykfVRmQ=",
      "requires": {
        "extend-shallow": "^2.0.1",
        "fs-exists-sync": "^0.1.0",
        "homedir-polyfill": "^1.0.0"
      }
    },
    "git-user-name": {
      "version": "2.0.0",
      "resolved": "https://registry.npmjs.org/git-user-name/-/git-user-name-2.0.0.tgz",
      "integrity": "sha512-1DC8rUNm2I5V9v4eIpK6PSjKCp9bI0t6Wl05WSk+xEMS8GhR8GWzxM3aGZfPrfuqEfWxSbui5/pQJryJFXqCzQ==",
      "requires": {
        "extend-shallow": "^2.0.1",
        "git-config-path": "^1.0.1",
        "parse-git-config": "^1.1.1"
      }
    },
    "homedir-polyfill": {
      "version": "1.0.3",
      "resolved": "https://registry.npmjs.org/homedir-polyfill/-/homedir-polyfill-1.0.3.tgz",
      "integrity": "sha512-eSmmWE5bZTK2Nou4g0AI3zZ9rswp7GRKoKXS1BLUkvPviOqs4YTN1djQIqrXy9k5gEtdLPy86JjRwsNM9tnDcA==",
      "requires": {
        "parse-passwd": "^1.0.0"
      }
    },
    "ini": {
      "version": "1.3.8",
      "resolved": "https://registry.npmjs.org/ini/-/ini-1.3.8.tgz",
      "integrity": "sha512-JV/yugV2uzW5iMRSiZAyDtQd+nxtUnjeLt0acNdw98kKLrvuRVyB80tsREOE7yvGVgalhZ6RNXCmEHkUKBKxew=="
    },
    "is-extendable": {
      "version": "0.1.1",
      "resolved": "https://registry.npmjs.org/is-extendable/-/is-extendable-0.1.1.tgz",
      "integrity": "sha1-YrEQ4omkcUGOPsNqYX1HLjAd/Ik="
    },
    "parse-git-config": {
      "version": "1.1.1",
      "resolved": "https://registry.npmjs.org/parse-git-config/-/parse-git-config-1.1.1.tgz",
      "integrity": "sha1-06mYQxcTL1c5hxK7pDjhKVkN34w=",
      "requires": {
        "extend-shallow": "^2.0.1",
        "fs-exists-sync": "^0.1.0",
        "git-config-path": "^1.0.1",
        "ini": "^1.3.4"
      }
    },
    "parse-passwd": {
      "version": "1.0.0",
      "resolved": "https://registry.npmjs.org/parse-passwd/-/parse-passwd-1.0.0.tgz",
      "integrity": "sha1-bVuTSkVpk7I9N/QKOC1vFmao5cY="
    }
  }
}
